// !$*UTF8*$!
{
	archiveVersion = 1;
	classes = {
	};
	objectVersion = 50;
	objects = {

/* Begin PBXBuildFile section */
		20CFC6972540C2E4004CAE5D /* AppDelegate.swift in Sources */ = {isa = PBXBuildFile; fileRef = 20CFC6962540C2E4004CAE5D /* AppDelegate.swift */; };
		20CFC69B2540C2E4004CAE5D /* ViewController.swift in Sources */ = {isa = PBXBuildFile; fileRef = 20CFC69A2540C2E4004CAE5D /* ViewController.swift */; };
		20CFC69E2540C2E4004CAE5D /* Main.storyboard in Resources */ = {isa = PBXBuildFile; fileRef = 20CFC69C2540C2E4004CAE5D /* Main.storyboard */; };
		20CFC6A02540C2E5004CAE5D /* Assets.xcassets in Resources */ = {isa = PBXBuildFile; fileRef = 20CFC69F2540C2E5004CAE5D /* Assets.xcassets */; };
		20CFC6A32540C2E5004CAE5D /* LaunchScreen.storyboard in Resources */ = {isa = PBXBuildFile; fileRef = 20CFC6A12540C2E5004CAE5D /* LaunchScreen.storyboard */; };
		20CFC6AE2540C2E5004CAE5D /* GrckiKinoTests.swift in Sources */ = {isa = PBXBuildFile; fileRef = 20CFC6AD2540C2E5004CAE5D /* GrckiKinoTests.swift */; };
		20CFC6B92540C2E5004CAE5D /* GrckiKinoUITests.swift in Sources */ = {isa = PBXBuildFile; fileRef = 20CFC6B82540C2E5004CAE5D /* GrckiKinoUITests.swift */; };
		20CFC6FD2540DD21004CAE5D /* GameSchedulesViewController.swift in Sources */ = {isa = PBXBuildFile; fileRef = 20CFC6FC2540DD21004CAE5D /* GameSchedulesViewController.swift */; };
		20CFC7092540DD57004CAE5D /* UIStoryboard+Names.swift in Sources */ = {isa = PBXBuildFile; fileRef = 20CFC7082540DD57004CAE5D /* UIStoryboard+Names.swift */; };
		20CFC70E2540DD7B004CAE5D /* NSObject+NameOfClass.swift in Sources */ = {isa = PBXBuildFile; fileRef = 20CFC70D2540DD7B004CAE5D /* NSObject+NameOfClass.swift */; };
		20CFC7142540DDB1004CAE5D /* StoryboardsEnum.swift in Sources */ = {isa = PBXBuildFile; fileRef = 20CFC7132540DDB1004CAE5D /* StoryboardsEnum.swift */; };
		20CFC72D2540DE4A004CAE5D /* UITableView+Extensions.swift in Sources */ = {isa = PBXBuildFile; fileRef = 20CFC72C2540DE4A004CAE5D /* UITableView+Extensions.swift */; };
		20CFC7332540DEEC004CAE5D /* AppNavigation.swift in Sources */ = {isa = PBXBuildFile; fileRef = 20CFC7322540DEEC004CAE5D /* AppNavigation.swift */; };
		20CFC73C2540DF4A004CAE5D /* Coordinator.swift in Sources */ = {isa = PBXBuildFile; fileRef = 20CFC73B2540DF4A004CAE5D /* Coordinator.swift */; };
		20CFC7422540DF81004CAE5D /* LauncherManagerOption.swift in Sources */ = {isa = PBXBuildFile; fileRef = 20CFC7412540DF81004CAE5D /* LauncherManagerOption.swift */; };
		20CFC7472540DFD7004CAE5D /* CoordinatorFactory.swift in Sources */ = {isa = PBXBuildFile; fileRef = 20CFC7462540DFD7004CAE5D /* CoordinatorFactory.swift */; };
		20CFC74C2540E00E004CAE5D /* CoordinatorFactoryImp.swift in Sources */ = {isa = PBXBuildFile; fileRef = 20CFC74B2540E00E004CAE5D /* CoordinatorFactoryImp.swift */; };
		20CFC7512540E053004CAE5D /* BaseCoordinator.swift in Sources */ = {isa = PBXBuildFile; fileRef = 20CFC7502540E053004CAE5D /* BaseCoordinator.swift */; };
		20CFC7572540E072004CAE5D /* MainFactoryImp.swift in Sources */ = {isa = PBXBuildFile; fileRef = 20CFC7562540E072004CAE5D /* MainFactoryImp.swift */; };
		20CFC75C2540E0A0004CAE5D /* MainCoordinator.swift in Sources */ = {isa = PBXBuildFile; fileRef = 20CFC75B2540E0A0004CAE5D /* MainCoordinator.swift */; };
		20CFC7612540E11D004CAE5D /* MainModuleFactory.swift in Sources */ = {isa = PBXBuildFile; fileRef = 20CFC7602540E11D004CAE5D /* MainModuleFactory.swift */; };
		20CFC7672540E14B004CAE5D /* Router.swift in Sources */ = {isa = PBXBuildFile; fileRef = 20CFC7662540E14B004CAE5D /* Router.swift */; };
		20CFC76C2540E163004CAE5D /* RouterImp.swift in Sources */ = {isa = PBXBuildFile; fileRef = 20CFC76B2540E163004CAE5D /* RouterImp.swift */; };
		20CFC7712540E17D004CAE5D /* Presentable.swift in Sources */ = {isa = PBXBuildFile; fileRef = 20CFC7702540E17D004CAE5D /* Presentable.swift */; };
		20CFC7762540E1A7004CAE5D /* BaseView.swift in Sources */ = {isa = PBXBuildFile; fileRef = 20CFC7752540E1A7004CAE5D /* BaseView.swift */; };
		20CFC77C2540E318004CAE5D /* UserDefaultsHandler.swift in Sources */ = {isa = PBXBuildFile; fileRef = 20CFC77B2540E318004CAE5D /* UserDefaultsHandler.swift */; };
		20CFC7832540E397004CAE5D /* SplashViewController.swift in Sources */ = {isa = PBXBuildFile; fileRef = 20CFC7822540E397004CAE5D /* SplashViewController.swift */; };
		20CFC78C2540E5E6004CAE5D /* UIView+Styling.swift in Sources */ = {isa = PBXBuildFile; fileRef = 20CFC78B2540E5E6004CAE5D /* UIView+Styling.swift */; };
		20CFC7942540E7ED004CAE5D /* GameViewController.swift in Sources */ = {isa = PBXBuildFile; fileRef = 20CFC7932540E7ED004CAE5D /* GameViewController.swift */; };
		20CFC79C2540EC89004CAE5D /* GameSchedulesViewModel.swift in Sources */ = {isa = PBXBuildFile; fileRef = 20CFC79B2540EC89004CAE5D /* GameSchedulesViewModel.swift */; };
		20CFC7B62540EE5B004CAE5D /* StructGameSchedule.swift in Sources */ = {isa = PBXBuildFile; fileRef = 20CFC7B52540EE5B004CAE5D /* StructGameSchedule.swift */; };
		20CFC7CA2540F383004CAE5D /* GameSchedulesTableCell.swift in Sources */ = {isa = PBXBuildFile; fileRef = 20CFC7C92540F383004CAE5D /* GameSchedulesTableCell.swift */; };
		2C4F0FD206BC67621C94D316 /* Pods_GrckiKinoTests.framework in Frameworks */ = {isa = PBXBuildFile; fileRef = 494EEAA070B1B3AEABD12948 /* Pods_GrckiKinoTests.framework */; };
		5374312417FD8EC3BCA469AA /* Pods_GrckiKino.framework in Frameworks */ = {isa = PBXBuildFile; fileRef = 7F265A1AFD0EC42D563C3CAB /* Pods_GrckiKino.framework */; };
		EE0FE46ACEBF60E957053B2F /* Pods_GrckiKino_GrckiKinoUITests.framework in Frameworks */ = {isa = PBXBuildFile; fileRef = B7E688CE12A1A49164B7107D /* Pods_GrckiKino_GrckiKinoUITests.framework */; };
/* End PBXBuildFile section */

/* Begin PBXContainerItemProxy section */
		20CFC6AA2540C2E5004CAE5D /* PBXContainerItemProxy */ = {
			isa = PBXContainerItemProxy;
			containerPortal = 20CFC68B2540C2E4004CAE5D /* Project object */;
			proxyType = 1;
			remoteGlobalIDString = 20CFC6922540C2E4004CAE5D;
			remoteInfo = GrckiKino;
		};
		20CFC6B52540C2E5004CAE5D /* PBXContainerItemProxy */ = {
			isa = PBXContainerItemProxy;
			containerPortal = 20CFC68B2540C2E4004CAE5D /* Project object */;
			proxyType = 1;
			remoteGlobalIDString = 20CFC6922540C2E4004CAE5D;
			remoteInfo = GrckiKino;
		};
/* End PBXContainerItemProxy section */

/* Begin PBXFileReference section */
		06BD416BC8424B1D46AD8AE3 /* Pods-GrckiKinoTests.release.xcconfig */ = {isa = PBXFileReference; includeInIndex = 1; lastKnownFileType = text.xcconfig; name = "Pods-GrckiKinoTests.release.xcconfig"; path = "Target Support Files/Pods-GrckiKinoTests/Pods-GrckiKinoTests.release.xcconfig"; sourceTree = "<group>"; };
		0801EF26C51D0F7406B5F172 /* Pods-GrckiKino-GrckiKinoUITests.debug.xcconfig */ = {isa = PBXFileReference; includeInIndex = 1; lastKnownFileType = text.xcconfig; name = "Pods-GrckiKino-GrckiKinoUITests.debug.xcconfig"; path = "Target Support Files/Pods-GrckiKino-GrckiKinoUITests/Pods-GrckiKino-GrckiKinoUITests.debug.xcconfig"; sourceTree = "<group>"; };
		20CFC6932540C2E4004CAE5D /* GrckiKino.app */ = {isa = PBXFileReference; explicitFileType = wrapper.application; includeInIndex = 0; path = GrckiKino.app; sourceTree = BUILT_PRODUCTS_DIR; };
		20CFC6962540C2E4004CAE5D /* AppDelegate.swift */ = {isa = PBXFileReference; lastKnownFileType = sourcecode.swift; path = AppDelegate.swift; sourceTree = "<group>"; };
		20CFC69A2540C2E4004CAE5D /* ViewController.swift */ = {isa = PBXFileReference; lastKnownFileType = sourcecode.swift; path = ViewController.swift; sourceTree = "<group>"; };
		20CFC69D2540C2E4004CAE5D /* Base */ = {isa = PBXFileReference; lastKnownFileType = file.storyboard; name = Base; path = Base.lproj/Main.storyboard; sourceTree = "<group>"; };
		20CFC69F2540C2E5004CAE5D /* Assets.xcassets */ = {isa = PBXFileReference; lastKnownFileType = folder.assetcatalog; path = Assets.xcassets; sourceTree = "<group>"; };
		20CFC6A22540C2E5004CAE5D /* Base */ = {isa = PBXFileReference; lastKnownFileType = file.storyboard; name = Base; path = Base.lproj/LaunchScreen.storyboard; sourceTree = "<group>"; };
		20CFC6A42540C2E5004CAE5D /* Info.plist */ = {isa = PBXFileReference; lastKnownFileType = text.plist.xml; path = Info.plist; sourceTree = "<group>"; };
		20CFC6A92540C2E5004CAE5D /* GrckiKinoTests.xctest */ = {isa = PBXFileReference; explicitFileType = wrapper.cfbundle; includeInIndex = 0; path = GrckiKinoTests.xctest; sourceTree = BUILT_PRODUCTS_DIR; };
		20CFC6AD2540C2E5004CAE5D /* GrckiKinoTests.swift */ = {isa = PBXFileReference; lastKnownFileType = sourcecode.swift; path = GrckiKinoTests.swift; sourceTree = "<group>"; };
		20CFC6AF2540C2E5004CAE5D /* Info.plist */ = {isa = PBXFileReference; lastKnownFileType = text.plist.xml; path = Info.plist; sourceTree = "<group>"; };
		20CFC6B42540C2E5004CAE5D /* GrckiKinoUITests.xctest */ = {isa = PBXFileReference; explicitFileType = wrapper.cfbundle; includeInIndex = 0; path = GrckiKinoUITests.xctest; sourceTree = BUILT_PRODUCTS_DIR; };
		20CFC6B82540C2E5004CAE5D /* GrckiKinoUITests.swift */ = {isa = PBXFileReference; lastKnownFileType = sourcecode.swift; path = GrckiKinoUITests.swift; sourceTree = "<group>"; };
		20CFC6BA2540C2E5004CAE5D /* Info.plist */ = {isa = PBXFileReference; lastKnownFileType = text.plist.xml; path = Info.plist; sourceTree = "<group>"; };
		20CFC6FC2540DD21004CAE5D /* GameSchedulesViewController.swift */ = {isa = PBXFileReference; lastKnownFileType = sourcecode.swift; path = GameSchedulesViewController.swift; sourceTree = "<group>"; };
		20CFC7082540DD57004CAE5D /* UIStoryboard+Names.swift */ = {isa = PBXFileReference; lastKnownFileType = sourcecode.swift; path = "UIStoryboard+Names.swift"; sourceTree = "<group>"; };
		20CFC70D2540DD7B004CAE5D /* NSObject+NameOfClass.swift */ = {isa = PBXFileReference; lastKnownFileType = sourcecode.swift; path = "NSObject+NameOfClass.swift"; sourceTree = "<group>"; };
		20CFC7132540DDB1004CAE5D /* StoryboardsEnum.swift */ = {isa = PBXFileReference; lastKnownFileType = sourcecode.swift; path = StoryboardsEnum.swift; sourceTree = "<group>"; };
		20CFC72C2540DE4A004CAE5D /* UITableView+Extensions.swift */ = {isa = PBXFileReference; lastKnownFileType = sourcecode.swift; path = "UITableView+Extensions.swift"; sourceTree = "<group>"; };
		20CFC7322540DEEC004CAE5D /* AppNavigation.swift */ = {isa = PBXFileReference; lastKnownFileType = sourcecode.swift; path = AppNavigation.swift; sourceTree = "<group>"; };
		20CFC73B2540DF4A004CAE5D /* Coordinator.swift */ = {isa = PBXFileReference; lastKnownFileType = sourcecode.swift; path = Coordinator.swift; sourceTree = "<group>"; };
		20CFC7412540DF81004CAE5D /* LauncherManagerOption.swift */ = {isa = PBXFileReference; lastKnownFileType = sourcecode.swift; path = LauncherManagerOption.swift; sourceTree = "<group>"; };
		20CFC7462540DFD7004CAE5D /* CoordinatorFactory.swift */ = {isa = PBXFileReference; lastKnownFileType = sourcecode.swift; path = CoordinatorFactory.swift; sourceTree = "<group>"; };
		20CFC74B2540E00E004CAE5D /* CoordinatorFactoryImp.swift */ = {isa = PBXFileReference; lastKnownFileType = sourcecode.swift; path = CoordinatorFactoryImp.swift; sourceTree = "<group>"; };
		20CFC7502540E053004CAE5D /* BaseCoordinator.swift */ = {isa = PBXFileReference; lastKnownFileType = sourcecode.swift; path = BaseCoordinator.swift; sourceTree = "<group>"; };
		20CFC7562540E072004CAE5D /* MainFactoryImp.swift */ = {isa = PBXFileReference; lastKnownFileType = sourcecode.swift; path = MainFactoryImp.swift; sourceTree = "<group>"; };
		20CFC75B2540E0A0004CAE5D /* MainCoordinator.swift */ = {isa = PBXFileReference; lastKnownFileType = sourcecode.swift; path = MainCoordinator.swift; sourceTree = "<group>"; };
		20CFC7602540E11D004CAE5D /* MainModuleFactory.swift */ = {isa = PBXFileReference; lastKnownFileType = sourcecode.swift; path = MainModuleFactory.swift; sourceTree = "<group>"; };
		20CFC7662540E14B004CAE5D /* Router.swift */ = {isa = PBXFileReference; lastKnownFileType = sourcecode.swift; path = Router.swift; sourceTree = "<group>"; };
		20CFC76B2540E163004CAE5D /* RouterImp.swift */ = {isa = PBXFileReference; lastKnownFileType = sourcecode.swift; path = RouterImp.swift; sourceTree = "<group>"; };
		20CFC7702540E17D004CAE5D /* Presentable.swift */ = {isa = PBXFileReference; lastKnownFileType = sourcecode.swift; path = Presentable.swift; sourceTree = "<group>"; };
		20CFC7752540E1A7004CAE5D /* BaseView.swift */ = {isa = PBXFileReference; lastKnownFileType = sourcecode.swift; path = BaseView.swift; sourceTree = "<group>"; };
		20CFC77B2540E318004CAE5D /* UserDefaultsHandler.swift */ = {isa = PBXFileReference; lastKnownFileType = sourcecode.swift; path = UserDefaultsHandler.swift; sourceTree = "<group>"; };
		20CFC7822540E397004CAE5D /* SplashViewController.swift */ = {isa = PBXFileReference; lastKnownFileType = sourcecode.swift; path = SplashViewController.swift; sourceTree = "<group>"; };
		20CFC78B2540E5E6004CAE5D /* UIView+Styling.swift */ = {isa = PBXFileReference; lastKnownFileType = sourcecode.swift; path = "UIView+Styling.swift"; sourceTree = "<group>"; };
		20CFC7932540E7ED004CAE5D /* GameViewController.swift */ = {isa = PBXFileReference; lastKnownFileType = sourcecode.swift; path = GameViewController.swift; sourceTree = "<group>"; };
		20CFC79B2540EC89004CAE5D /* GameSchedulesViewModel.swift */ = {isa = PBXFileReference; lastKnownFileType = sourcecode.swift; path = GameSchedulesViewModel.swift; sourceTree = "<group>"; };
		20CFC7B52540EE5B004CAE5D /* StructGameSchedule.swift */ = {isa = PBXFileReference; lastKnownFileType = sourcecode.swift; path = StructGameSchedule.swift; sourceTree = "<group>"; };
		20CFC7C92540F383004CAE5D /* GameSchedulesTableCell.swift */ = {isa = PBXFileReference; lastKnownFileType = sourcecode.swift; path = GameSchedulesTableCell.swift; sourceTree = "<group>"; };
		494EEAA070B1B3AEABD12948 /* Pods_GrckiKinoTests.framework */ = {isa = PBXFileReference; explicitFileType = wrapper.framework; includeInIndex = 0; path = Pods_GrckiKinoTests.framework; sourceTree = BUILT_PRODUCTS_DIR; };
		7F265A1AFD0EC42D563C3CAB /* Pods_GrckiKino.framework */ = {isa = PBXFileReference; explicitFileType = wrapper.framework; includeInIndex = 0; path = Pods_GrckiKino.framework; sourceTree = BUILT_PRODUCTS_DIR; };
		8827FE0A864816C59B05A279 /* Pods-GrckiKino-GrckiKinoUITests.release.xcconfig */ = {isa = PBXFileReference; includeInIndex = 1; lastKnownFileType = text.xcconfig; name = "Pods-GrckiKino-GrckiKinoUITests.release.xcconfig"; path = "Target Support Files/Pods-GrckiKino-GrckiKinoUITests/Pods-GrckiKino-GrckiKinoUITests.release.xcconfig"; sourceTree = "<group>"; };
		91C5B7A98567E0181A68DF94 /* Pods-GrckiKinoTests.debug.xcconfig */ = {isa = PBXFileReference; includeInIndex = 1; lastKnownFileType = text.xcconfig; name = "Pods-GrckiKinoTests.debug.xcconfig"; path = "Target Support Files/Pods-GrckiKinoTests/Pods-GrckiKinoTests.debug.xcconfig"; sourceTree = "<group>"; };
		9EBDDA1946E621602A8872A8 /* Pods-GrckiKino.release.xcconfig */ = {isa = PBXFileReference; includeInIndex = 1; lastKnownFileType = text.xcconfig; name = "Pods-GrckiKino.release.xcconfig"; path = "Target Support Files/Pods-GrckiKino/Pods-GrckiKino.release.xcconfig"; sourceTree = "<group>"; };
		B7E688CE12A1A49164B7107D /* Pods_GrckiKino_GrckiKinoUITests.framework */ = {isa = PBXFileReference; explicitFileType = wrapper.framework; includeInIndex = 0; path = Pods_GrckiKino_GrckiKinoUITests.framework; sourceTree = BUILT_PRODUCTS_DIR; };
		DCA52CC5C1A7CB9820A80871 /* Pods-GrckiKino.debug.xcconfig */ = {isa = PBXFileReference; includeInIndex = 1; lastKnownFileType = text.xcconfig; name = "Pods-GrckiKino.debug.xcconfig"; path = "Target Support Files/Pods-GrckiKino/Pods-GrckiKino.debug.xcconfig"; sourceTree = "<group>"; };
/* End PBXFileReference section */

/* Begin PBXFrameworksBuildPhase section */
		20CFC6902540C2E4004CAE5D /* Frameworks */ = {
			isa = PBXFrameworksBuildPhase;
			buildActionMask = 2147483647;
			files = (
				5374312417FD8EC3BCA469AA /* Pods_GrckiKino.framework in Frameworks */,
			);
			runOnlyForDeploymentPostprocessing = 0;
		};
		20CFC6A62540C2E5004CAE5D /* Frameworks */ = {
			isa = PBXFrameworksBuildPhase;
			buildActionMask = 2147483647;
			files = (
				2C4F0FD206BC67621C94D316 /* Pods_GrckiKinoTests.framework in Frameworks */,
			);
			runOnlyForDeploymentPostprocessing = 0;
		};
		20CFC6B12540C2E5004CAE5D /* Frameworks */ = {
			isa = PBXFrameworksBuildPhase;
			buildActionMask = 2147483647;
			files = (
				EE0FE46ACEBF60E957053B2F /* Pods_GrckiKino_GrckiKinoUITests.framework in Frameworks */,
			);
			runOnlyForDeploymentPostprocessing = 0;
		};
/* End PBXFrameworksBuildPhase section */

/* Begin PBXGroup section */
		20CFC68A2540C2E4004CAE5D = {
			isa = PBXGroup;
			children = (
				20CFC6952540C2E4004CAE5D /* GrckiKino */,
				20CFC6AC2540C2E5004CAE5D /* GrckiKinoTests */,
				20CFC6B72540C2E5004CAE5D /* GrckiKinoUITests */,
				20CFC6942540C2E4004CAE5D /* Products */,
				514131D1B558DBB8C72F5B0A /* Pods */,
				952C37569863FCFD2C31D780 /* Frameworks */,
			);
			sourceTree = "<group>";
		};
		20CFC6942540C2E4004CAE5D /* Products */ = {
			isa = PBXGroup;
			children = (
				20CFC6932540C2E4004CAE5D /* GrckiKino.app */,
				20CFC6A92540C2E5004CAE5D /* GrckiKinoTests.xctest */,
				20CFC6B42540C2E5004CAE5D /* GrckiKinoUITests.xctest */,
			);
			name = Products;
			sourceTree = "<group>";
		};
		20CFC6952540C2E4004CAE5D /* GrckiKino */ = {
			isa = PBXGroup;
			children = (
				20CFC73A2540DF12004CAE5D /* Coordinators */,
				20CFC6F82540DC8D004CAE5D /* Screens */,
				20CFC6C92540C2F5004CAE5D /* Shared */,
				20CFC69A2540C2E4004CAE5D /* ViewController.swift */,
				20CFC69F2540C2E5004CAE5D /* Assets.xcassets */,
				20CFC6A12540C2E5004CAE5D /* LaunchScreen.storyboard */,
				20CFC6A42540C2E5004CAE5D /* Info.plist */,
			);
			path = GrckiKino;
			sourceTree = "<group>";
		};
		20CFC6AC2540C2E5004CAE5D /* GrckiKinoTests */ = {
			isa = PBXGroup;
			children = (
				20CFC6AD2540C2E5004CAE5D /* GrckiKinoTests.swift */,
				20CFC6AF2540C2E5004CAE5D /* Info.plist */,
			);
			path = GrckiKinoTests;
			sourceTree = "<group>";
		};
		20CFC6B72540C2E5004CAE5D /* GrckiKinoUITests */ = {
			isa = PBXGroup;
			children = (
				20CFC6B82540C2E5004CAE5D /* GrckiKinoUITests.swift */,
				20CFC6BA2540C2E5004CAE5D /* Info.plist */,
			);
			path = GrckiKinoUITests;
			sourceTree = "<group>";
		};
		20CFC6C92540C2F5004CAE5D /* Shared */ = {
			isa = PBXGroup;
			children = (
				20CFC7B12540EE44004CAE5D /* Models */,
				20CFC78A2540E5D8004CAE5D /* Protocols */,
				20CFC77A2540E308004CAE5D /* Classess */,
				20CFC7122540DD93004CAE5D /* Enum */,
				20CFC7072540DD44004CAE5D /* Extensions */,
				20CFC6CA2540C2FA004CAE5D /* Delegates */,
			);
			path = Shared;
			sourceTree = "<group>";
		};
		20CFC6CA2540C2FA004CAE5D /* Delegates */ = {
			isa = PBXGroup;
			children = (
				20CFC6962540C2E4004CAE5D /* AppDelegate.swift */,
			);
			path = Delegates;
			sourceTree = "<group>";
		};
		20CFC6F82540DC8D004CAE5D /* Screens */ = {
			isa = PBXGroup;
			children = (
				20CFC7902540E7D3004CAE5D /* GameScreen */,
				20CFC69C2540C2E4004CAE5D /* Main.storyboard */,
				20CFC7802540E361004CAE5D /* Splash */,
				20CFC7312540DEC7004CAE5D /* AppNavigation */,
				20CFC6F92540DC92004CAE5D /* GameSchedules */,
			);
			path = Screens;
			sourceTree = "<group>";
		};
		20CFC6F92540DC92004CAE5D /* GameSchedules */ = {
			isa = PBXGroup;
			children = (
				20CFC6FB2540DD03004CAE5D /* ViewModel */,
				20CFC6FA2540DCFE004CAE5D /* View */,
			);
			path = GameSchedules;
			sourceTree = "<group>";
		};
		20CFC6FA2540DCFE004CAE5D /* View */ = {
			isa = PBXGroup;
			children = (
				20CFC7A02540ED4B004CAE5D /* TableViewCell */,
				20CFC6FC2540DD21004CAE5D /* GameSchedulesViewController.swift */,
			);
			path = View;
			sourceTree = "<group>";
		};
		20CFC6FB2540DD03004CAE5D /* ViewModel */ = {
			isa = PBXGroup;
			children = (
				20CFC79B2540EC89004CAE5D /* GameSchedulesViewModel.swift */,
			);
			path = ViewModel;
			sourceTree = "<group>";
		};
		20CFC7072540DD44004CAE5D /* Extensions */ = {
			isa = PBXGroup;
			children = (
				20CFC7082540DD57004CAE5D /* UIStoryboard+Names.swift */,
				20CFC70D2540DD7B004CAE5D /* NSObject+NameOfClass.swift */,
				20CFC72C2540DE4A004CAE5D /* UITableView+Extensions.swift */,
			);
			path = Extensions;
			sourceTree = "<group>";
		};
		20CFC7122540DD93004CAE5D /* Enum */ = {
			isa = PBXGroup;
			children = (
				20CFC7132540DDB1004CAE5D /* StoryboardsEnum.swift */,
			);
			path = Enum;
			sourceTree = "<group>";
		};
		20CFC7312540DEC7004CAE5D /* AppNavigation */ = {
			isa = PBXGroup;
			children = (
				20CFC7322540DEEC004CAE5D /* AppNavigation.swift */,
			);
			path = AppNavigation;
			sourceTree = "<group>";
		};
		20CFC73A2540DF12004CAE5D /* Coordinators */ = {
			isa = PBXGroup;
			children = (
				20CFC7652540E143004CAE5D /* Router */,
				20CFC7552540E064004CAE5D /* Main */,
				20CFC7402540DF6F004CAE5D /* DeepLink */,
				20CFC73B2540DF4A004CAE5D /* Coordinator.swift */,
				20CFC7462540DFD7004CAE5D /* CoordinatorFactory.swift */,
				20CFC74B2540E00E004CAE5D /* CoordinatorFactoryImp.swift */,
				20CFC7502540E053004CAE5D /* BaseCoordinator.swift */,
			);
			path = Coordinators;
			sourceTree = "<group>";
		};
		20CFC7402540DF6F004CAE5D /* DeepLink */ = {
			isa = PBXGroup;
			children = (
				20CFC7412540DF81004CAE5D /* LauncherManagerOption.swift */,
			);
			path = DeepLink;
			sourceTree = "<group>";
		};
		20CFC7552540E064004CAE5D /* Main */ = {
			isa = PBXGroup;
			children = (
				20CFC7602540E11D004CAE5D /* MainModuleFactory.swift */,
				20CFC7562540E072004CAE5D /* MainFactoryImp.swift */,
				20CFC75B2540E0A0004CAE5D /* MainCoordinator.swift */,
			);
			path = Main;
			sourceTree = "<group>";
		};
		20CFC7652540E143004CAE5D /* Router */ = {
			isa = PBXGroup;
			children = (
				20CFC7662540E14B004CAE5D /* Router.swift */,
				20CFC76B2540E163004CAE5D /* RouterImp.swift */,
				20CFC7702540E17D004CAE5D /* Presentable.swift */,
				20CFC7752540E1A7004CAE5D /* BaseView.swift */,
			);
			path = Router;
			sourceTree = "<group>";
		};
		20CFC77A2540E308004CAE5D /* Classess */ = {
			isa = PBXGroup;
			children = (
				20CFC77B2540E318004CAE5D /* UserDefaultsHandler.swift */,
			);
			path = Classess;
			sourceTree = "<group>";
		};
		20CFC7802540E361004CAE5D /* Splash */ = {
			isa = PBXGroup;
			children = (
				20CFC7812540E384004CAE5D /* View */,
			);
			path = Splash;
			sourceTree = "<group>";
		};
		20CFC7812540E384004CAE5D /* View */ = {
			isa = PBXGroup;
			children = (
				20CFC7822540E397004CAE5D /* SplashViewController.swift */,
			);
			path = View;
			sourceTree = "<group>";
		};
		20CFC78A2540E5D8004CAE5D /* Protocols */ = {
			isa = PBXGroup;
			children = (
				20CFC78B2540E5E6004CAE5D /* UIView+Styling.swift */,
			);
			path = Protocols;
			sourceTree = "<group>";
		};
		20CFC7902540E7D3004CAE5D /* GameScreen */ = {
			isa = PBXGroup;
			children = (
				20CFC7922540E7DC004CAE5D /* ViewModel */,
				20CFC7912540E7D8004CAE5D /* View */,
			);
			path = GameScreen;
			sourceTree = "<group>";
		};
		20CFC7912540E7D8004CAE5D /* View */ = {
			isa = PBXGroup;
			children = (
				20CFC7932540E7ED004CAE5D /* GameViewController.swift */,
			);
			path = View;
			sourceTree = "<group>";
		};
		20CFC7922540E7DC004CAE5D /* ViewModel */ = {
			isa = PBXGroup;
			children = (
			);
			path = ViewModel;
			sourceTree = "<group>";
		};
		20CFC7A02540ED4B004CAE5D /* TableViewCell */ = {
			isa = PBXGroup;
			children = (
				20CFC7C92540F383004CAE5D /* GameSchedulesTableCell.swift */,
			);
			path = TableViewCell;
			sourceTree = "<group>";
		};
		20CFC7B12540EE44004CAE5D /* Models */ = {
			isa = PBXGroup;
			children = (
				20CFC7B52540EE5B004CAE5D /* StructGameSchedule.swift */,
			);
			path = Models;
			sourceTree = "<group>";
		};
		514131D1B558DBB8C72F5B0A /* Pods */ = {
			isa = PBXGroup;
			children = (
				DCA52CC5C1A7CB9820A80871 /* Pods-GrckiKino.debug.xcconfig */,
				9EBDDA1946E621602A8872A8 /* Pods-GrckiKino.release.xcconfig */,
				0801EF26C51D0F7406B5F172 /* Pods-GrckiKino-GrckiKinoUITests.debug.xcconfig */,
				8827FE0A864816C59B05A279 /* Pods-GrckiKino-GrckiKinoUITests.release.xcconfig */,
				91C5B7A98567E0181A68DF94 /* Pods-GrckiKinoTests.debug.xcconfig */,
				06BD416BC8424B1D46AD8AE3 /* Pods-GrckiKinoTests.release.xcconfig */,
			);
			path = Pods;
			sourceTree = "<group>";
		};
		952C37569863FCFD2C31D780 /* Frameworks */ = {
			isa = PBXGroup;
			children = (
				7F265A1AFD0EC42D563C3CAB /* Pods_GrckiKino.framework */,
				B7E688CE12A1A49164B7107D /* Pods_GrckiKino_GrckiKinoUITests.framework */,
				494EEAA070B1B3AEABD12948 /* Pods_GrckiKinoTests.framework */,
			);
			name = Frameworks;
			sourceTree = "<group>";
		};
/* End PBXGroup section */

/* Begin PBXNativeTarget section */
		20CFC6922540C2E4004CAE5D /* GrckiKino */ = {
			isa = PBXNativeTarget;
			buildConfigurationList = 20CFC6BD2540C2E5004CAE5D /* Build configuration list for PBXNativeTarget "GrckiKino" */;
			buildPhases = (
				58DEF7854D07E6F959C22BD8 /* [CP] Check Pods Manifest.lock */,
				20CFC68F2540C2E4004CAE5D /* Sources */,
				20CFC6902540C2E4004CAE5D /* Frameworks */,
				20CFC6912540C2E4004CAE5D /* Resources */,
			);
			buildRules = (
			);
			dependencies = (
			);
			name = GrckiKino;
			productName = GrckiKino;
			productReference = 20CFC6932540C2E4004CAE5D /* GrckiKino.app */;
			productType = "com.apple.product-type.application";
		};
		20CFC6A82540C2E5004CAE5D /* GrckiKinoTests */ = {
			isa = PBXNativeTarget;
			buildConfigurationList = 20CFC6C02540C2E5004CAE5D /* Build configuration list for PBXNativeTarget "GrckiKinoTests" */;
			buildPhases = (
				AA3F0588F6D0736B06DCBA21 /* [CP] Check Pods Manifest.lock */,
				20CFC6A52540C2E5004CAE5D /* Sources */,
				20CFC6A62540C2E5004CAE5D /* Frameworks */,
				20CFC6A72540C2E5004CAE5D /* Resources */,
			);
			buildRules = (
			);
			dependencies = (
				20CFC6AB2540C2E5004CAE5D /* PBXTargetDependency */,
			);
			name = GrckiKinoTests;
			productName = GrckiKinoTests;
			productReference = 20CFC6A92540C2E5004CAE5D /* GrckiKinoTests.xctest */;
			productType = "com.apple.product-type.bundle.unit-test";
		};
		20CFC6B32540C2E5004CAE5D /* GrckiKinoUITests */ = {
			isa = PBXNativeTarget;
			buildConfigurationList = 20CFC6C32540C2E5004CAE5D /* Build configuration list for PBXNativeTarget "GrckiKinoUITests" */;
			buildPhases = (
				7BBA4076567AD544BF9D94B2 /* [CP] Check Pods Manifest.lock */,
				20CFC6B02540C2E5004CAE5D /* Sources */,
				20CFC6B12540C2E5004CAE5D /* Frameworks */,
				20CFC6B22540C2E5004CAE5D /* Resources */,
			);
			buildRules = (
			);
			dependencies = (
				20CFC6B62540C2E5004CAE5D /* PBXTargetDependency */,
			);
			name = GrckiKinoUITests;
			productName = GrckiKinoUITests;
			productReference = 20CFC6B42540C2E5004CAE5D /* GrckiKinoUITests.xctest */;
			productType = "com.apple.product-type.bundle.ui-testing";
		};
/* End PBXNativeTarget section */

/* Begin PBXProject section */
		20CFC68B2540C2E4004CAE5D /* Project object */ = {
			isa = PBXProject;
			attributes = {
				LastSwiftUpdateCheck = 1210;
				LastUpgradeCheck = 1210;
				TargetAttributes = {
					20CFC6922540C2E4004CAE5D = {
						CreatedOnToolsVersion = 12.1;
					};
					20CFC6A82540C2E5004CAE5D = {
						CreatedOnToolsVersion = 12.1;
						TestTargetID = 20CFC6922540C2E4004CAE5D;
					};
					20CFC6B32540C2E5004CAE5D = {
						CreatedOnToolsVersion = 12.1;
						TestTargetID = 20CFC6922540C2E4004CAE5D;
					};
				};
			};
			buildConfigurationList = 20CFC68E2540C2E4004CAE5D /* Build configuration list for PBXProject "GrckiKino" */;
			compatibilityVersion = "Xcode 9.3";
			developmentRegion = en;
			hasScannedForEncodings = 0;
			knownRegions = (
				en,
				Base,
			);
			mainGroup = 20CFC68A2540C2E4004CAE5D;
			productRefGroup = 20CFC6942540C2E4004CAE5D /* Products */;
			projectDirPath = "";
			projectRoot = "";
			targets = (
				20CFC6922540C2E4004CAE5D /* GrckiKino */,
				20CFC6A82540C2E5004CAE5D /* GrckiKinoTests */,
				20CFC6B32540C2E5004CAE5D /* GrckiKinoUITests */,
			);
		};
/* End PBXProject section */

/* Begin PBXResourcesBuildPhase section */
		20CFC6912540C2E4004CAE5D /* Resources */ = {
			isa = PBXResourcesBuildPhase;
			buildActionMask = 2147483647;
			files = (
				20CFC6A32540C2E5004CAE5D /* LaunchScreen.storyboard in Resources */,
				20CFC6A02540C2E5004CAE5D /* Assets.xcassets in Resources */,
				20CFC69E2540C2E4004CAE5D /* Main.storyboard in Resources */,
			);
			runOnlyForDeploymentPostprocessing = 0;
		};
		20CFC6A72540C2E5004CAE5D /* Resources */ = {
			isa = PBXResourcesBuildPhase;
			buildActionMask = 2147483647;
			files = (
			);
			runOnlyForDeploymentPostprocessing = 0;
		};
		20CFC6B22540C2E5004CAE5D /* Resources */ = {
			isa = PBXResourcesBuildPhase;
			buildActionMask = 2147483647;
			files = (
			);
			runOnlyForDeploymentPostprocessing = 0;
		};
/* End PBXResourcesBuildPhase section */

/* Begin PBXShellScriptBuildPhase section */
		58DEF7854D07E6F959C22BD8 /* [CP] Check Pods Manifest.lock */ = {
			isa = PBXShellScriptBuildPhase;
			buildActionMask = 2147483647;
			files = (
			);
			inputFileListPaths = (
			);
			inputPaths = (
				"${PODS_PODFILE_DIR_PATH}/Podfile.lock",
				"${PODS_ROOT}/Manifest.lock",
			);
			name = "[CP] Check Pods Manifest.lock";
			outputFileListPaths = (
			);
			outputPaths = (
				"$(DERIVED_FILE_DIR)/Pods-GrckiKino-checkManifestLockResult.txt",
			);
			runOnlyForDeploymentPostprocessing = 0;
			shellPath = /bin/sh;
			shellScript = "diff \"${PODS_PODFILE_DIR_PATH}/Podfile.lock\" \"${PODS_ROOT}/Manifest.lock\" > /dev/null\nif [ $? != 0 ] ; then\n    # print error to STDERR\n    echo \"error: The sandbox is not in sync with the Podfile.lock. Run 'pod install' or update your CocoaPods installation.\" >&2\n    exit 1\nfi\n# This output is used by Xcode 'outputs' to avoid re-running this script phase.\necho \"SUCCESS\" > \"${SCRIPT_OUTPUT_FILE_0}\"\n";
			showEnvVarsInLog = 0;
		};
		7BBA4076567AD544BF9D94B2 /* [CP] Check Pods Manifest.lock */ = {
			isa = PBXShellScriptBuildPhase;
			buildActionMask = 2147483647;
			files = (
			);
			inputFileListPaths = (
			);
			inputPaths = (
				"${PODS_PODFILE_DIR_PATH}/Podfile.lock",
				"${PODS_ROOT}/Manifest.lock",
			);
			name = "[CP] Check Pods Manifest.lock";
			outputFileListPaths = (
			);
			outputPaths = (
				"$(DERIVED_FILE_DIR)/Pods-GrckiKino-GrckiKinoUITests-checkManifestLockResult.txt",
			);
			runOnlyForDeploymentPostprocessing = 0;
			shellPath = /bin/sh;
			shellScript = "diff \"${PODS_PODFILE_DIR_PATH}/Podfile.lock\" \"${PODS_ROOT}/Manifest.lock\" > /dev/null\nif [ $? != 0 ] ; then\n    # print error to STDERR\n    echo \"error: The sandbox is not in sync with the Podfile.lock. Run 'pod install' or update your CocoaPods installation.\" >&2\n    exit 1\nfi\n# This output is used by Xcode 'outputs' to avoid re-running this script phase.\necho \"SUCCESS\" > \"${SCRIPT_OUTPUT_FILE_0}\"\n";
			showEnvVarsInLog = 0;
		};
		AA3F0588F6D0736B06DCBA21 /* [CP] Check Pods Manifest.lock */ = {
			isa = PBXShellScriptBuildPhase;
			buildActionMask = 2147483647;
			files = (
			);
			inputFileListPaths = (
			);
			inputPaths = (
				"${PODS_PODFILE_DIR_PATH}/Podfile.lock",
				"${PODS_ROOT}/Manifest.lock",
			);
			name = "[CP] Check Pods Manifest.lock";
			outputFileListPaths = (
			);
			outputPaths = (
				"$(DERIVED_FILE_DIR)/Pods-GrckiKinoTests-checkManifestLockResult.txt",
			);
			runOnlyForDeploymentPostprocessing = 0;
			shellPath = /bin/sh;
			shellScript = "diff \"${PODS_PODFILE_DIR_PATH}/Podfile.lock\" \"${PODS_ROOT}/Manifest.lock\" > /dev/null\nif [ $? != 0 ] ; then\n    # print error to STDERR\n    echo \"error: The sandbox is not in sync with the Podfile.lock. Run 'pod install' or update your CocoaPods installation.\" >&2\n    exit 1\nfi\n# This output is used by Xcode 'outputs' to avoid re-running this script phase.\necho \"SUCCESS\" > \"${SCRIPT_OUTPUT_FILE_0}\"\n";
			showEnvVarsInLog = 0;
		};
/* End PBXShellScriptBuildPhase section */

/* Begin PBXSourcesBuildPhase section */
		20CFC68F2540C2E4004CAE5D /* Sources */ = {
			isa = PBXSourcesBuildPhase;
			buildActionMask = 2147483647;
			files = (
				20CFC70E2540DD7B004CAE5D /* NSObject+NameOfClass.swift in Sources */,
				20CFC72D2540DE4A004CAE5D /* UITableView+Extensions.swift in Sources */,
				20CFC79C2540EC89004CAE5D /* GameSchedulesViewModel.swift in Sources */,
				20CFC7572540E072004CAE5D /* MainFactoryImp.swift in Sources */,
				20CFC7512540E053004CAE5D /* BaseCoordinator.swift in Sources */,
				20CFC7942540E7ED004CAE5D /* GameViewController.swift in Sources */,
				20CFC7142540DDB1004CAE5D /* StoryboardsEnum.swift in Sources */,
				20CFC7B62540EE5B004CAE5D /* StructGameSchedule.swift in Sources */,
				20CFC7612540E11D004CAE5D /* MainModuleFactory.swift in Sources */,
				20CFC69B2540C2E4004CAE5D /* ViewController.swift in Sources */,
				20CFC7762540E1A7004CAE5D /* BaseView.swift in Sources */,
				20CFC74C2540E00E004CAE5D /* CoordinatorFactoryImp.swift in Sources */,
				20CFC7092540DD57004CAE5D /* UIStoryboard+Names.swift in Sources */,
				20CFC77C2540E318004CAE5D /* UserDefaultsHandler.swift in Sources */,
				20CFC6FD2540DD21004CAE5D /* GameSchedulesViewController.swift in Sources */,
				20CFC7672540E14B004CAE5D /* Router.swift in Sources */,
				20CFC78C2540E5E6004CAE5D /* UIView+Styling.swift in Sources */,
				20CFC6972540C2E4004CAE5D /* AppDelegate.swift in Sources */,
				20CFC7332540DEEC004CAE5D /* AppNavigation.swift in Sources */,
				20CFC7422540DF81004CAE5D /* LauncherManagerOption.swift in Sources */,
				20CFC7472540DFD7004CAE5D /* CoordinatorFactory.swift in Sources */,
				20CFC7712540E17D004CAE5D /* Presentable.swift in Sources */,
				20CFC76C2540E163004CAE5D /* RouterImp.swift in Sources */,
				20CFC7CA2540F383004CAE5D /* GameSchedulesTableCell.swift in Sources */,
				20CFC75C2540E0A0004CAE5D /* MainCoordinator.swift in Sources */,
				20CFC73C2540DF4A004CAE5D /* Coordinator.swift in Sources */,
				20CFC7832540E397004CAE5D /* SplashViewController.swift in Sources */,
			);
			runOnlyForDeploymentPostprocessing = 0;
		};
		20CFC6A52540C2E5004CAE5D /* Sources */ = {
			isa = PBXSourcesBuildPhase;
			buildActionMask = 2147483647;
			files = (
				20CFC6AE2540C2E5004CAE5D /* GrckiKinoTests.swift in Sources */,
			);
			runOnlyForDeploymentPostprocessing = 0;
		};
		20CFC6B02540C2E5004CAE5D /* Sources */ = {
			isa = PBXSourcesBuildPhase;
			buildActionMask = 2147483647;
			files = (
				20CFC6B92540C2E5004CAE5D /* GrckiKinoUITests.swift in Sources */,
			);
			runOnlyForDeploymentPostprocessing = 0;
		};
/* End PBXSourcesBuildPhase section */

/* Begin PBXTargetDependency section */
		20CFC6AB2540C2E5004CAE5D /* PBXTargetDependency */ = {
			isa = PBXTargetDependency;
			target = 20CFC6922540C2E4004CAE5D /* GrckiKino */;
			targetProxy = 20CFC6AA2540C2E5004CAE5D /* PBXContainerItemProxy */;
		};
		20CFC6B62540C2E5004CAE5D /* PBXTargetDependency */ = {
			isa = PBXTargetDependency;
			target = 20CFC6922540C2E4004CAE5D /* GrckiKino */;
			targetProxy = 20CFC6B52540C2E5004CAE5D /* PBXContainerItemProxy */;
		};
/* End PBXTargetDependency section */

/* Begin PBXVariantGroup section */
		20CFC69C2540C2E4004CAE5D /* Main.storyboard */ = {
			isa = PBXVariantGroup;
			children = (
				20CFC69D2540C2E4004CAE5D /* Base */,
			);
			name = Main.storyboard;
			sourceTree = "<group>";
		};
		20CFC6A12540C2E5004CAE5D /* LaunchScreen.storyboard */ = {
			isa = PBXVariantGroup;
			children = (
				20CFC6A22540C2E5004CAE5D /* Base */,
			);
			name = LaunchScreen.storyboard;
			sourceTree = "<group>";
		};
/* End PBXVariantGroup section */

/* Begin XCBuildConfiguration section */
		20CFC6BB2540C2E5004CAE5D /* Debug */ = {
			isa = XCBuildConfiguration;
			buildSettings = {
				ALWAYS_SEARCH_USER_PATHS = NO;
				CLANG_ANALYZER_NONNULL = YES;
				CLANG_ANALYZER_NUMBER_OBJECT_CONVERSION = YES_AGGRESSIVE;
				CLANG_CXX_LANGUAGE_STANDARD = "gnu++14";
				CLANG_CXX_LIBRARY = "libc++";
				CLANG_ENABLE_MODULES = YES;
				CLANG_ENABLE_OBJC_ARC = YES;
				CLANG_ENABLE_OBJC_WEAK = YES;
				CLANG_WARN_BLOCK_CAPTURE_AUTORELEASING = YES;
				CLANG_WARN_BOOL_CONVERSION = YES;
				CLANG_WARN_COMMA = YES;
				CLANG_WARN_CONSTANT_CONVERSION = YES;
				CLANG_WARN_DEPRECATED_OBJC_IMPLEMENTATIONS = YES;
				CLANG_WARN_DIRECT_OBJC_ISA_USAGE = YES_ERROR;
				CLANG_WARN_DOCUMENTATION_COMMENTS = YES;
				CLANG_WARN_EMPTY_BODY = YES;
				CLANG_WARN_ENUM_CONVERSION = YES;
				CLANG_WARN_INFINITE_RECURSION = YES;
				CLANG_WARN_INT_CONVERSION = YES;
				CLANG_WARN_NON_LITERAL_NULL_CONVERSION = YES;
				CLANG_WARN_OBJC_IMPLICIT_RETAIN_SELF = YES;
				CLANG_WARN_OBJC_LITERAL_CONVERSION = YES;
				CLANG_WARN_OBJC_ROOT_CLASS = YES_ERROR;
				CLANG_WARN_QUOTED_INCLUDE_IN_FRAMEWORK_HEADER = YES;
				CLANG_WARN_RANGE_LOOP_ANALYSIS = YES;
				CLANG_WARN_STRICT_PROTOTYPES = YES;
				CLANG_WARN_SUSPICIOUS_MOVE = YES;
				CLANG_WARN_UNGUARDED_AVAILABILITY = YES_AGGRESSIVE;
				CLANG_WARN_UNREACHABLE_CODE = YES;
				CLANG_WARN__DUPLICATE_METHOD_MATCH = YES;
				COPY_PHASE_STRIP = NO;
				DEBUG_INFORMATION_FORMAT = dwarf;
				ENABLE_STRICT_OBJC_MSGSEND = YES;
				ENABLE_TESTABILITY = YES;
				GCC_C_LANGUAGE_STANDARD = gnu11;
				GCC_DYNAMIC_NO_PIC = NO;
				GCC_NO_COMMON_BLOCKS = YES;
				GCC_OPTIMIZATION_LEVEL = 0;
				GCC_PREPROCESSOR_DEFINITIONS = (
					"DEBUG=1",
					"$(inherited)",
				);
				GCC_WARN_64_TO_32_BIT_CONVERSION = YES;
				GCC_WARN_ABOUT_RETURN_TYPE = YES_ERROR;
				GCC_WARN_UNDECLARED_SELECTOR = YES;
				GCC_WARN_UNINITIALIZED_AUTOS = YES_AGGRESSIVE;
				GCC_WARN_UNUSED_FUNCTION = YES;
				GCC_WARN_UNUSED_VARIABLE = YES;
				IPHONEOS_DEPLOYMENT_TARGET = 11.3;
				MTL_ENABLE_DEBUG_INFO = INCLUDE_SOURCE;
				MTL_FAST_MATH = YES;
				ONLY_ACTIVE_ARCH = YES;
				SDKROOT = iphoneos;
				SWIFT_ACTIVE_COMPILATION_CONDITIONS = DEBUG;
				SWIFT_OPTIMIZATION_LEVEL = "-Onone";
			};
			name = Debug;
		};
		20CFC6BC2540C2E5004CAE5D /* Release */ = {
			isa = XCBuildConfiguration;
			buildSettings = {
				ALWAYS_SEARCH_USER_PATHS = NO;
				CLANG_ANALYZER_NONNULL = YES;
				CLANG_ANALYZER_NUMBER_OBJECT_CONVERSION = YES_AGGRESSIVE;
				CLANG_CXX_LANGUAGE_STANDARD = "gnu++14";
				CLANG_CXX_LIBRARY = "libc++";
				CLANG_ENABLE_MODULES = YES;
				CLANG_ENABLE_OBJC_ARC = YES;
				CLANG_ENABLE_OBJC_WEAK = YES;
				CLANG_WARN_BLOCK_CAPTURE_AUTORELEASING = YES;
				CLANG_WARN_BOOL_CONVERSION = YES;
				CLANG_WARN_COMMA = YES;
				CLANG_WARN_CONSTANT_CONVERSION = YES;
				CLANG_WARN_DEPRECATED_OBJC_IMPLEMENTATIONS = YES;
				CLANG_WARN_DIRECT_OBJC_ISA_USAGE = YES_ERROR;
				CLANG_WARN_DOCUMENTATION_COMMENTS = YES;
				CLANG_WARN_EMPTY_BODY = YES;
				CLANG_WARN_ENUM_CONVERSION = YES;
				CLANG_WARN_INFINITE_RECURSION = YES;
				CLANG_WARN_INT_CONVERSION = YES;
				CLANG_WARN_NON_LITERAL_NULL_CONVERSION = YES;
				CLANG_WARN_OBJC_IMPLICIT_RETAIN_SELF = YES;
				CLANG_WARN_OBJC_LITERAL_CONVERSION = YES;
				CLANG_WARN_OBJC_ROOT_CLASS = YES_ERROR;
				CLANG_WARN_QUOTED_INCLUDE_IN_FRAMEWORK_HEADER = YES;
				CLANG_WARN_RANGE_LOOP_ANALYSIS = YES;
				CLANG_WARN_STRICT_PROTOTYPES = YES;
				CLANG_WARN_SUSPICIOUS_MOVE = YES;
				CLANG_WARN_UNGUARDED_AVAILABILITY = YES_AGGRESSIVE;
				CLANG_WARN_UNREACHABLE_CODE = YES;
				CLANG_WARN__DUPLICATE_METHOD_MATCH = YES;
				COPY_PHASE_STRIP = NO;
				DEBUG_INFORMATION_FORMAT = "dwarf-with-dsym";
				ENABLE_NS_ASSERTIONS = NO;
				ENABLE_STRICT_OBJC_MSGSEND = YES;
				GCC_C_LANGUAGE_STANDARD = gnu11;
				GCC_NO_COMMON_BLOCKS = YES;
				GCC_WARN_64_TO_32_BIT_CONVERSION = YES;
				GCC_WARN_ABOUT_RETURN_TYPE = YES_ERROR;
				GCC_WARN_UNDECLARED_SELECTOR = YES;
				GCC_WARN_UNINITIALIZED_AUTOS = YES_AGGRESSIVE;
				GCC_WARN_UNUSED_FUNCTION = YES;
				GCC_WARN_UNUSED_VARIABLE = YES;
				IPHONEOS_DEPLOYMENT_TARGET = 11.3;
				MTL_ENABLE_DEBUG_INFO = NO;
				MTL_FAST_MATH = YES;
				SDKROOT = iphoneos;
				SWIFT_COMPILATION_MODE = wholemodule;
				SWIFT_OPTIMIZATION_LEVEL = "-O";
				VALIDATE_PRODUCT = YES;
			};
			name = Release;
		};
		20CFC6BE2540C2E5004CAE5D /* Debug */ = {
			isa = XCBuildConfiguration;
			baseConfigurationReference = DCA52CC5C1A7CB9820A80871 /* Pods-GrckiKino.debug.xcconfig */;
			buildSettings = {
				ASSETCATALOG_COMPILER_APPICON_NAME = AppIcon;
				ASSETCATALOG_COMPILER_GLOBAL_ACCENT_COLOR_NAME = AccentColor;
				CODE_SIGN_STYLE = Automatic;
				DEVELOPMENT_TEAM = WDV8J265GP;
				INFOPLIST_FILE = GrckiKino/Info.plist;
				LD_RUNPATH_SEARCH_PATHS = (
					"$(inherited)",
					"@executable_path/Frameworks",
				);
				PRODUCT_BUNDLE_IDENTIFIER = com.mozzartTest.milos.GrckiKino;
				PRODUCT_NAME = "$(TARGET_NAME)";
				SWIFT_VERSION = 5.0;
				TARGETED_DEVICE_FAMILY = "1,2";
			};
			name = Debug;
		};
		20CFC6BF2540C2E5004CAE5D /* Release */ = {
			isa = XCBuildConfiguration;
			baseConfigurationReference = 9EBDDA1946E621602A8872A8 /* Pods-GrckiKino.release.xcconfig */;
			buildSettings = {
				ASSETCATALOG_COMPILER_APPICON_NAME = AppIcon;
				ASSETCATALOG_COMPILER_GLOBAL_ACCENT_COLOR_NAME = AccentColor;
				CODE_SIGN_STYLE = Automatic;
				DEVELOPMENT_TEAM = WDV8J265GP;
				INFOPLIST_FILE = GrckiKino/Info.plist;
				LD_RUNPATH_SEARCH_PATHS = (
					"$(inherited)",
					"@executable_path/Frameworks",
				);
				PRODUCT_BUNDLE_IDENTIFIER = com.mozzartTest.milos.GrckiKino;
				PRODUCT_NAME = "$(TARGET_NAME)";
				SWIFT_VERSION = 5.0;
				TARGETED_DEVICE_FAMILY = "1,2";
			};
			name = Release;
		};
		20CFC6C12540C2E5004CAE5D /* Debug */ = {
			isa = XCBuildConfiguration;
			baseConfigurationReference = 91C5B7A98567E0181A68DF94 /* Pods-GrckiKinoTests.debug.xcconfig */;
			buildSettings = {
				ALWAYS_EMBED_SWIFT_STANDARD_LIBRARIES = YES;
				BUNDLE_LOADER = "$(TEST_HOST)";
				CODE_SIGN_STYLE = Automatic;
				DEVELOPMENT_TEAM = WDV8J265GP;
				INFOPLIST_FILE = GrckiKinoTests/Info.plist;
				IPHONEOS_DEPLOYMENT_TARGET = 14.1;
				LD_RUNPATH_SEARCH_PATHS = (
					"$(inherited)",
					"@executable_path/Frameworks",
					"@loader_path/Frameworks",
				);
				PRODUCT_BUNDLE_IDENTIFIER = com.mozzartTest.milos.GrckiKinoTests;
				PRODUCT_NAME = "$(TARGET_NAME)";
				SWIFT_VERSION = 5.0;
				TARGETED_DEVICE_FAMILY = "1,2";
				TEST_HOST = "$(BUILT_PRODUCTS_DIR)/GrckiKino.app/GrckiKino";
			};
			name = Debug;
		};
		20CFC6C22540C2E5004CAE5D /* Release */ = {
			isa = XCBuildConfiguration;
			baseConfigurationReference = 06BD416BC8424B1D46AD8AE3 /* Pods-GrckiKinoTests.release.xcconfig */;
			buildSettings = {
				ALWAYS_EMBED_SWIFT_STANDARD_LIBRARIES = YES;
				BUNDLE_LOADER = "$(TEST_HOST)";
				CODE_SIGN_STYLE = Automatic;
				DEVELOPMENT_TEAM = WDV8J265GP;
				INFOPLIST_FILE = GrckiKinoTests/Info.plist;
				IPHONEOS_DEPLOYMENT_TARGET = 14.1;
				LD_RUNPATH_SEARCH_PATHS = (
					"$(inherited)",
					"@executable_path/Frameworks",
					"@loader_path/Frameworks",
				);
				PRODUCT_BUNDLE_IDENTIFIER = com.mozzartTest.milos.GrckiKinoTests;
				PRODUCT_NAME = "$(TARGET_NAME)";
				SWIFT_VERSION = 5.0;
				TARGETED_DEVICE_FAMILY = "1,2";
				TEST_HOST = "$(BUILT_PRODUCTS_DIR)/GrckiKino.app/GrckiKino";
			};
			name = Release;
		};
		20CFC6C42540C2E5004CAE5D /* Debug */ = {
			isa = XCBuildConfiguration;
			baseConfigurationReference = 0801EF26C51D0F7406B5F172 /* Pods-GrckiKino-GrckiKinoUITests.debug.xcconfig */;
			buildSettings = {
				ALWAYS_EMBED_SWIFT_STANDARD_LIBRARIES = YES;
				CODE_SIGN_STYLE = Automatic;
				DEVELOPMENT_TEAM = WDV8J265GP;
				INFOPLIST_FILE = GrckiKinoUITests/Info.plist;
				LD_RUNPATH_SEARCH_PATHS = (
					"$(inherited)",
					"@executable_path/Frameworks",
					"@loader_path/Frameworks",
				);
				PRODUCT_BUNDLE_IDENTIFIER = com.mozzartTest.milos.GrckiKinoUITests;
				PRODUCT_NAME = "$(TARGET_NAME)";
				SWIFT_VERSION = 5.0;
				TARGETED_DEVICE_FAMILY = "1,2";
				TEST_TARGET_NAME = GrckiKino;
			};
			name = Debug;
		};
		20CFC6C52540C2E5004CAE5D /* Release */ = {
			isa = XCBuildConfiguration;
			baseConfigurationReference = 8827FE0A864816C59B05A279 /* Pods-GrckiKino-GrckiKinoUITests.release.xcconfig */;
			buildSettings = {
				ALWAYS_EMBED_SWIFT_STANDARD_LIBRARIES = YES;
				CODE_SIGN_STYLE = Automatic;
				DEVELOPMENT_TEAM = WDV8J265GP;
				INFOPLIST_FILE = GrckiKinoUITests/Info.plist;
				LD_RUNPATH_SEARCH_PATHS = (
					"$(inherited)",
					"@executable_path/Frameworks",
					"@loader_path/Frameworks",
				);
				PRODUCT_BUNDLE_IDENTIFIER = com.mozzartTest.milos.GrckiKinoUITests;
				PRODUCT_NAME = "$(TARGET_NAME)";
				SWIFT_VERSION = 5.0;
				TARGETED_DEVICE_FAMILY = "1,2";
				TEST_TARGET_NAME = GrckiKino;
			};
			name = Release;
		};
/* End XCBuildConfiguration section */

/* Begin XCConfigurationList section */
		20CFC68E2540C2E4004CAE5D /* Build configuration list for PBXProject "GrckiKino" */ = {
			isa = XCConfigurationList;
			buildConfigurations = (
				20CFC6BB2540C2E5004CAE5D /* Debug */,
				20CFC6BC2540C2E5004CAE5D /* Release */,
			);
			defaultConfigurationIsVisible = 0;
			defaultConfigurationName = Release;
		};
		20CFC6BD2540C2E5004CAE5D /* Build configuration list for PBXNativeTarget "GrckiKino" */ = {
			isa = XCConfigurationList;
			buildConfigurations = (
				20CFC6BE2540C2E5004CAE5D /* Debug */,
				20CFC6BF2540C2E5004CAE5D /* Release */,
			);
			defaultConfigurationIsVisible = 0;
			defaultConfigurationName = Release;
		};
		20CFC6C02540C2E5004CAE5D /* Build configuration list for PBXNativeTarget "GrckiKinoTests" */ = {
			isa = XCConfigurationList;
			buildConfigurations = (
				20CFC6C12540C2E5004CAE5D /* Debug */,
				20CFC6C22540C2E5004CAE5D /* Release */,
			);
			defaultConfigurationIsVisible = 0;
			defaultConfigurationName = Release;
		};
		20CFC6C32540C2E5004CAE5D /* Build configuration list for PBXNativeTarget "GrckiKinoUITests" */ = {
			isa = XCConfigurationList;
			buildConfigurations = (
				20CFC6C42540C2E5004CAE5D /* Debug */,
				20CFC6C52540C2E5004CAE5D /* Release */,
			);
			defaultConfigurationIsVisible = 0;
			defaultConfigurationName = Release;
		};
/* End XCConfigurationList section */
	};
	rootObject = 20CFC68B2540C2E4004CAE5D /* Project object */;
}
